
Microsoft Visual Studio Solution File, Format Version 12.00
# Visual Studio 14
VisualStudioVersion = 14.0.25420.1
MinimumVisualStudioVersion = 10.0.40219.1
Project("{FAE04EC0-301F-11D3-BF4B-00C04F79EFBC}") = "Calculator02", "Calculator02\Calculator02.csproj", "{CBFEC310-118C-4CC5-BF0B-0843EB776F96}"
EndProject
Global
	GlobalSection(SolutionConfigurationPlatforms) = preSolution
		Debug|Any CPU = Debug|Any CPU
		Release|Any CPU = Release|Any CPU
	EndGlobalSection
	GlobalSection(ProjectConfigurationPlatforms) = postSolution
		{CBFEC310-118C-4CC5-BF0B-0843EB776F96}.Debug|Any CPU.ActiveCfg = Debug|Any CPU
		{CBFEC310-118C-4CC5-BF0B-0843EB776F96}.Debug|Any CPU.Build.0 = Debug|Any CPU
		{CBFEC310-118C-4CC5-BF0B-0843EB776F96}.Release|Any CPU.ActiveCfg = Release|Any CPU
		{CBFEC310-118C-4CC5-BF0B-0843EB776F96}.Release|Any CPU.Build.0 = Release|Any CPU
	EndGlobalSection
	GlobalSection(SolutionProperties) = preSolution
		HideSolutionNode = FALSE
	EndGlobalSection
EndGlobal
